// !$*UTF8*$!
{
	archiveVersion = 1;
	classes = {
	};
	objectVersion = 46;
	objects = {

/* Begin PBXBuildFile section */
		451EBF331B31234E00DC9DE5 /* Solution.cpp in Sources */ = {isa = PBXBuildFile; fileRef = 451EBF311B31234E00DC9DE5 /* Solution.cpp */; };
		451EBF341B31234E00DC9DE5 /* Solution.h in Headers */ = {isa = PBXBuildFile; fileRef = 451EBF321B31234E00DC9DE5 /* Solution.h */; };
/* End PBXBuildFile section */

/* Begin PBXFileReference section */
		451EBF2A1B31234800DC9DE5 /* lib117_Polulating_Next_Right_Pointers_in_Each_Node_II.a */ = {isa = PBXFileReference; explicitFileType = archive.ar; includeInIndex = 0; path = lib117_Polulating_Next_Right_Pointers_in_Each_Node_II.a; sourceTree = BUILT_PRODUCTS_DIR; };
		451EBF311B31234E00DC9DE5 /* Solution.cpp */ = {isa = PBXFileReference; fileEncoding = 4; lastKnownFileType = sourcecode.cpp.cpp; path = Solution.cpp; sourceTree = "<group>"; };
		451EBF321B31234E00DC9DE5 /* Solution.h */ = {isa = PBXFileReference; fileEncoding = 4; lastKnownFileType = sourcecode.c.h; path = Solution.h; sourceTree = "<group>"; };
/* End PBXFileReference section */

/* Begin PBXFrameworksBuildPhase section */
		451EBF271B31234800DC9DE5 /* Frameworks */ = {
			isa = PBXFrameworksBuildPhase;
			buildActionMask = 2147483647;
			files = (
			);
			runOnlyForDeploymentPostprocessing = 0;
		};
/* End PBXFrameworksBuildPhase section */

/* Begin PBXGroup section */
		451EBF211B31234800DC9DE5 = {
			isa = PBXGroup;
			children = (
				451EBF311B31234E00DC9DE5 /* Solution.cpp */,
				451EBF321B31234E00DC9DE5 /* Solution.h */,
				451EBF2B1B31234800DC9DE5 /* Products */,
			);
			sourceTree = "<group>";
		};
		451EBF2B1B31234800DC9DE5 /* Products */ = {
			isa = PBXGroup;
			children = (
				451EBF2A1B31234800DC9DE5 /* lib117_Polulating_Next_Right_Pointers_in_Each_Node_II.a */,
			);
			name = Products;
			sourceTree = "<group>";
		};
/* End PBXGroup section */

/* Begin PBXHeadersBuildPhase section */
		451EBF281B31234800DC9DE5 /* Headers */ = {
			isa = PBXHeadersBuildPhase;
			buildActionMask = 2147483647;
			files = (
				451EBF341B31234E00DC9DE5 /* Solution.h in Headers */,
			);
			runOnlyForDeploymentPostprocessing = 0;
		};
/* End PBXHeadersBuildPhase section */

/* Begin PBXNativeTarget section */
		451EBF291B31234800DC9DE5 /* 117_Polulating_Next_Right_Pointers_in_Each_Node_II */ = {
			isa = PBXNativeTarget;
			buildConfigurationList = 451EBF2E1B31234800DC9DE5 /* Build configuration list for PBXNativeTarget "117_Polulating_Next_Right_Pointers_in_Each_Node_II" */;
			buildPhases = (
				451EBF261B31234800DC9DE5 /* Sources */,
				451EBF271B31234800DC9DE5 /* Frameworks */,
				451EBF281B31234800DC9DE5 /* Headers */,
			);
			buildRules = (
			);
			dependencies = (
			);
			name = 117_Polulating_Next_Right_Pointers_in_Each_Node_II;
			productName = 117_Polulating_Next_Right_Pointers_in_Each_Node_II;
			productReference = 451EBF2A1B31234800DC9DE5 /* lib117_Polulating_Next_Right_Pointers_in_Each_Node_II.a */;
			productType = "com.apple.product-type.library.static";
		};
/* End PBXNativeTarget section */

/* Begin PBXProject section */
		451EBF221B31234800DC9DE5 /* Project object */ = {
			isa = PBXProject;
			attributes = {
				LastUpgradeCheck = 0630;
				ORGANIZATIONNAME = "Chao Li";
				TargetAttributes = {
					451EBF291B31234800DC9DE5 = {
						CreatedOnToolsVersion = 6.3.2;
					};
				};
			};
			buildConfigurationList = 451EBF251B31234800DC9DE5 /* Build configuration list for PBXProject "117_Polulating_Next_Right_Pointers_in_Each_Node_II" */;
			compatibilityVersion = "Xcode 3.2";
			developmentRegion = English;
			hasScannedForEncodings = 0;
			knownRegions = (
				en,
			);
			mainGroup = 451EBF211B31234800DC9DE5;
			productRefGroup = 451EBF2B1B31234800DC9DE5 /* Products */;
			projectDirPath = "";
			projectRoot = "";
			targets = (
				451EBF291B31234800DC9DE5 /* 117_Polulating_Next_Right_Pointers_in_Each_Node_II */,
			);
		};
/* End PBXProject section */

/* Begin PBXSourcesBuildPhase section */
		451EBF261B31234800DC9DE5 /* Sources */ = {
			isa = PBXSourcesBuildPhase;
			buildActionMask = 2147483647;
			files = (
				451EBF331B31234E00DC9DE5 /* Solution.cpp in Sources */,
			);
			runOnlyForDeploymentPostprocessing = 0;
		};
/* End PBXSourcesBuildPhase section */

/* Begin XCBuildConfiguration section */
		451EBF2C1B31234800DC9DE5 /* Debug */ = {
			isa = XCBuildConfiguration;
			buildSettings = {
				ALWAYS_SEARCH_USER_PATHS = NO;
				CLANG_CXX_LANGUAGE_STANDARD = "gnu++0x";
				CLANG_CXX_LIBRARY = "libc++";
				CLANG_ENABLE_MODULES = YES;
				CLANG_ENABLE_OBJC_ARC = YES;
				CLANG_WARN_BOOL_CONVERSION = YES;
				CLANG_WARN_CONSTANT_CONVERSION = YES;
				CLANG_WARN_DIRECT_OBJC_ISA_USAGE = YES_ERROR;
				CLANG_WARN_EMPTY_BODY = YES;
				CLANG_WARN_ENUM_CONVERSION = YES;
				CLANG_WARN_INT_CONVERSION = YES;
				CLANG_WARN_OBJC_ROOT_CLASS = YES_ERROR;
				CLANG_WARN_UNREACHABLE_CODE = YES;
				CLANG_WARN__DUPLICATE_METHOD_MATCH = YES;
				COPY_PHASE_STRIP = NO;
				DEBUG_INFORMATION_FORMAT = dwarf;
				ENABLE_STRICT_OBJC_MSGSEND = YES;
				GCC_C_LANGUAGE_STANDARD = gnu99;
				GCC_DYNAMIC_NO_PIC = NO;
				GCC_NO_COMMON_BLOCKS = YES;
				GCC_OPTIMIZATION_LEVEL = 0;
				GCC_PREPROCESSOR_DEFINITIONS = (
					"DEBUG=1",
					"$(inherited)",
				);
				GCC_SYMBOLS_PRIVATE_EXTERN = NO;
				GCC_WARN_64_TO_32_BIT_CONVERSION = YES;
				GCC_WARN_ABOUT_RETURN_TYPE = YES_ERROR;
				GCC_WARN_UNDECLARED_SELECTOR = YES;
				GCC_WARN_UNINITIALIZED_AUTOS = YES_AGGRESSIVE;
				GCC_WARN_UNUSED_FUNCTION = YES;
				GCC_WARN_UNUSED_VARIABLE = YES;
				MACOSX_DEPLOYMENT_TARGET = 10.10;
				MTL_ENABLE_DEBUG_INFO = YES;
				ONLY_ACTIVE_ARCH = YES;
				SDKROOT = macosx;
			};
			name = Debug;
		};
		451EBF2D1B31234800DC9DE5 /* Release */ = {
			isa = XCBuildConfiguration;
			buildSettings = {
				ALWAYS_SEARCH_USER_PATHS = NO;
				CLANG_CXX_LANGUAGE_STANDARD = "gnu++0x";
				CLANG_CXX_LIBRARY = "libc++";
				CLANG_ENABLE_MODULES = YES;
				CLANG_ENABLE_OBJC_ARC = YES;
				CLANG_WARN_BOOL_CONVERSION = YES;
				CLANG_WARN_CONSTANT_CONVERSION = YES;
				CLANG_WARN_DIRECT_OBJC_ISA_USAGE = YES_ERROR;
				CLANG_WARN_EMPTY_BODY = YES;
				CLANG_WARN_ENUM_CONVERSION = YES;
				CLANG_WARN_INT_CONVERSION = YES;
				CLANG_WARN_OBJC_ROOT_CLASS = YES_ERROR;
				CLANG_WARN_UNREACHABLE_CODE = YES;
				CLANG_WARN__DUPLICATE_METHOD_MATCH = YES;
				COPY_PHASE_STRIP = NO;
				DEBUG_INFORMATION_FORMAT = "dwarf-with-dsym";
				ENABLE_NS_ASSERTIONS = NO;
				ENABLE_STRICT_OBJC_MSGSEND = YES;
				GCC_C_LANGUAGE_STANDARD = gnu99;
				GCC_NO_COMMON_BLOCKS = YES;
				GCC_WARN_64_TO_32_BIT_CONVERSION = YES;
				GCC_WARN_ABOUT_RETURN_TYPE = YES_ERROR;
				GCC_WARN_UNDECLARED_SELECTOR = YES;
				GCC_WARN_UNINITIALIZED_AUTOS = YES_AGGRESSIVE;
				GCC_WARN_UNUSED_FUNCTION = YES;
				GCC_WARN_UNUSED_VARIABLE = YES;
				MACOSX_DEPLOYMENT_TARGET = 10.10;
				MTL_ENABLE_DEBUG_INFO = NO;
				SDKROOT = macosx;
			};
			name = Release;
		};
		451EBF2F1B31234800DC9DE5 /* Debug */ = {
			isa = XCBuildConfiguration;
			buildSettings = {
				EXECUTABLE_PREFIX = lib;
				PRODUCT_NAME = "$(TARGET_NAME)";
			};
			name = Debug;
		};
		451EBF301B31234800DC9DE5 /* Release */ = {
			isa = XCBuildConfiguration;
			buildSettings = {
				EXECUTABLE_PREFIX = lib;
				PRODUCT_NAME = "$(TARGET_NAME)";
			};
			name = Release;
		};
/* End XCBuildConfiguration section */

/* Begin XCConfigurationList section */
		451EBF251B31234800DC9DE5 /* Build configuration list for PBXProject "117_Polulating_Next_Right_Pointers_in_Each_Node_II" */ = {
			isa = XCConfigurationList;
			buildConfigurations = (
				451EBF2C1B31234800DC9DE5 /* Debug */,
				451EBF2D1B31234800DC9DE5 /* Release */,
			);
			defaultConfigurationIsVisible = 0;
			defaultConfigurationName = Release;
		};
		451EBF2E1B31234800DC9DE5 /* Build configuration list for PBXNativeTarget "117_Polulating_Next_Right_Pointers_in_Each_Node_II" */ = {
			isa = XCConfigurationList;
			buildConfigurations = (
				451EBF2F1B31234800DC9DE5 /* Debug */,
				451EBF301B31234800DC9DE5 /* Release */,
			);
			defaultConfigurationIsVisible = 0;
		};
/* End XCConfigurationList section */
	};
	rootObject = 451EBF221B31234800DC9DE5 /* Project object */;
}
