// !$*UTF8*$!
{
	archiveVersion = 1;
	classes = {
	};
	objectVersion = 46;
	objects = {

/* Begin PBXBuildFile section */
		4565390D1B2EABEF00300FDB /* Solution.cpp in Sources */ = {isa = PBXBuildFile; fileRef = 4565390B1B2EABEF00300FDB /* Solution.cpp */; };
		4565390E1B2EABEF00300FDB /* Solution.h in Headers */ = {isa = PBXBuildFile; fileRef = 4565390C1B2EABEF00300FDB /* Solution.h */; };
/* End PBXBuildFile section */

/* Begin PBXFileReference section */
		456539041B2EABE700300FDB /* lib059_Spiral_Matrix_II.a */ = {isa = PBXFileReference; explicitFileType = archive.ar; includeInIndex = 0; path = lib059_Spiral_Matrix_II.a; sourceTree = BUILT_PRODUCTS_DIR; };
		4565390B1B2EABEF00300FDB /* Solution.cpp */ = {isa = PBXFileReference; fileEncoding = 4; lastKnownFileType = sourcecode.cpp.cpp; path = Solution.cpp; sourceTree = "<group>"; };
		4565390C1B2EABEF00300FDB /* Solution.h */ = {isa = PBXFileReference; fileEncoding = 4; lastKnownFileType = sourcecode.c.h; path = Solution.h; sourceTree = "<group>"; };
/* End PBXFileReference section */

/* Begin PBXFrameworksBuildPhase section */
		456539011B2EABE700300FDB /* Frameworks */ = {
			isa = PBXFrameworksBuildPhase;
			buildActionMask = 2147483647;
			files = (
			);
			runOnlyForDeploymentPostprocessing = 0;
		};
/* End PBXFrameworksBuildPhase section */

/* Begin PBXGroup section */
		456538FB1B2EABE700300FDB = {
			isa = PBXGroup;
			children = (
				4565390B1B2EABEF00300FDB /* Solution.cpp */,
				4565390C1B2EABEF00300FDB /* Solution.h */,
				456539051B2EABE700300FDB /* Products */,
			);
			sourceTree = "<group>";
		};
		456539051B2EABE700300FDB /* Products */ = {
			isa = PBXGroup;
			children = (
				456539041B2EABE700300FDB /* lib059_Spiral_Matrix_II.a */,
			);
			name = Products;
			sourceTree = "<group>";
		};
/* End PBXGroup section */

/* Begin PBXHeadersBuildPhase section */
		456539021B2EABE700300FDB /* Headers */ = {
			isa = PBXHeadersBuildPhase;
			buildActionMask = 2147483647;
			files = (
				4565390E1B2EABEF00300FDB /* Solution.h in Headers */,
			);
			runOnlyForDeploymentPostprocessing = 0;
		};
/* End PBXHeadersBuildPhase section */

/* Begin PBXNativeTarget section */
		456539031B2EABE700300FDB /* 059_Spiral_Matrix_II */ = {
			isa = PBXNativeTarget;
			buildConfigurationList = 456539081B2EABE700300FDB /* Build configuration list for PBXNativeTarget "059_Spiral_Matrix_II" */;
			buildPhases = (
				456539001B2EABE700300FDB /* Sources */,
				456539011B2EABE700300FDB /* Frameworks */,
				456539021B2EABE700300FDB /* Headers */,
			);
			buildRules = (
			);
			dependencies = (
			);
			name = 059_Spiral_Matrix_II;
			productName = 059_Spiral_Matrix_II;
			productReference = 456539041B2EABE700300FDB /* lib059_Spiral_Matrix_II.a */;
			productType = "com.apple.product-type.library.static";
		};
/* End PBXNativeTarget section */

/* Begin PBXProject section */
		456538FC1B2EABE700300FDB /* Project object */ = {
			isa = PBXProject;
			attributes = {
				LastUpgradeCheck = 0630;
				ORGANIZATIONNAME = "Chao Li";
				TargetAttributes = {
					456539031B2EABE700300FDB = {
						CreatedOnToolsVersion = 6.3.2;
					};
				};
			};
			buildConfigurationList = 456538FF1B2EABE700300FDB /* Build configuration list for PBXProject "059_Spiral_Matrix_II" */;
			compatibilityVersion = "Xcode 3.2";
			developmentRegion = English;
			hasScannedForEncodings = 0;
			knownRegions = (
				en,
			);
			mainGroup = 456538FB1B2EABE700300FDB;
			productRefGroup = 456539051B2EABE700300FDB /* Products */;
			projectDirPath = "";
			projectRoot = "";
			targets = (
				456539031B2EABE700300FDB /* 059_Spiral_Matrix_II */,
			);
		};
/* End PBXProject section */

/* Begin PBXSourcesBuildPhase section */
		456539001B2EABE700300FDB /* Sources */ = {
			isa = PBXSourcesBuildPhase;
			buildActionMask = 2147483647;
			files = (
				4565390D1B2EABEF00300FDB /* Solution.cpp in Sources */,
			);
			runOnlyForDeploymentPostprocessing = 0;
		};
/* End PBXSourcesBuildPhase section */

/* Begin XCBuildConfiguration section */
		456539061B2EABE700300FDB /* Debug */ = {
			isa = XCBuildConfiguration;
			buildSettings = {
				ALWAYS_SEARCH_USER_PATHS = NO;
				CLANG_CXX_LANGUAGE_STANDARD = "gnu++0x";
				CLANG_CXX_LIBRARY = "libc++";
				CLANG_ENABLE_MODULES = YES;
				CLANG_ENABLE_OBJC_ARC = YES;
				CLANG_WARN_BOOL_CONVERSION = YES;
				CLANG_WARN_CONSTANT_CONVERSION = YES;
				CLANG_WARN_DIRECT_OBJC_ISA_USAGE = YES_ERROR;
				CLANG_WARN_EMPTY_BODY = YES;
				CLANG_WARN_ENUM_CONVERSION = YES;
				CLANG_WARN_INT_CONVERSION = YES;
				CLANG_WARN_OBJC_ROOT_CLASS = YES_ERROR;
				CLANG_WARN_UNREACHABLE_CODE = YES;
				CLANG_WARN__DUPLICATE_METHOD_MATCH = YES;
				COPY_PHASE_STRIP = NO;
				DEBUG_INFORMATION_FORMAT = dwarf;
				ENABLE_STRICT_OBJC_MSGSEND = YES;
				GCC_C_LANGUAGE_STANDARD = gnu99;
				GCC_DYNAMIC_NO_PIC = NO;
				GCC_NO_COMMON_BLOCKS = YES;
				GCC_OPTIMIZATION_LEVEL = 0;
				GCC_PREPROCESSOR_DEFINITIONS = (
					"DEBUG=1",
					"$(inherited)",
				);
				GCC_SYMBOLS_PRIVATE_EXTERN = NO;
				GCC_WARN_64_TO_32_BIT_CONVERSION = YES;
				GCC_WARN_ABOUT_RETURN_TYPE = YES_ERROR;
				GCC_WARN_UNDECLARED_SELECTOR = YES;
				GCC_WARN_UNINITIALIZED_AUTOS = YES_AGGRESSIVE;
				GCC_WARN_UNUSED_FUNCTION = YES;
				GCC_WARN_UNUSED_VARIABLE = YES;
				MACOSX_DEPLOYMENT_TARGET = 10.10;
				MTL_ENABLE_DEBUG_INFO = YES;
				ONLY_ACTIVE_ARCH = YES;
				SDKROOT = macosx;
			};
			name = Debug;
		};
		456539071B2EABE700300FDB /* Release */ = {
			isa = XCBuildConfiguration;
			buildSettings = {
				ALWAYS_SEARCH_USER_PATHS = NO;
				CLANG_CXX_LANGUAGE_STANDARD = "gnu++0x";
				CLANG_CXX_LIBRARY = "libc++";
				CLANG_ENABLE_MODULES = YES;
				CLANG_ENABLE_OBJC_ARC = YES;
				CLANG_WARN_BOOL_CONVERSION = YES;
				CLANG_WARN_CONSTANT_CONVERSION = YES;
				CLANG_WARN_DIRECT_OBJC_ISA_USAGE = YES_ERROR;
				CLANG_WARN_EMPTY_BODY = YES;
				CLANG_WARN_ENUM_CONVERSION = YES;
				CLANG_WARN_INT_CONVERSION = YES;
				CLANG_WARN_OBJC_ROOT_CLASS = YES_ERROR;
				CLANG_WARN_UNREACHABLE_CODE = YES;
				CLANG_WARN__DUPLICATE_METHOD_MATCH = YES;
				COPY_PHASE_STRIP = NO;
				DEBUG_INFORMATION_FORMAT = "dwarf-with-dsym";
				ENABLE_NS_ASSERTIONS = NO;
				ENABLE_STRICT_OBJC_MSGSEND = YES;
				GCC_C_LANGUAGE_STANDARD = gnu99;
				GCC_NO_COMMON_BLOCKS = YES;
				GCC_WARN_64_TO_32_BIT_CONVERSION = YES;
				GCC_WARN_ABOUT_RETURN_TYPE = YES_ERROR;
				GCC_WARN_UNDECLARED_SELECTOR = YES;
				GCC_WARN_UNINITIALIZED_AUTOS = YES_AGGRESSIVE;
				GCC_WARN_UNUSED_FUNCTION = YES;
				GCC_WARN_UNUSED_VARIABLE = YES;
				MACOSX_DEPLOYMENT_TARGET = 10.10;
				MTL_ENABLE_DEBUG_INFO = NO;
				SDKROOT = macosx;
			};
			name = Release;
		};
		456539091B2EABE700300FDB /* Debug */ = {
			isa = XCBuildConfiguration;
			buildSettings = {
				EXECUTABLE_PREFIX = lib;
				PRODUCT_NAME = "$(TARGET_NAME)";
			};
			name = Debug;
		};
		4565390A1B2EABE700300FDB /* Release */ = {
			isa = XCBuildConfiguration;
			buildSettings = {
				EXECUTABLE_PREFIX = lib;
				PRODUCT_NAME = "$(TARGET_NAME)";
			};
			name = Release;
		};
/* End XCBuildConfiguration section */

/* Begin XCConfigurationList section */
		456538FF1B2EABE700300FDB /* Build configuration list for PBXProject "059_Spiral_Matrix_II" */ = {
			isa = XCConfigurationList;
			buildConfigurations = (
				456539061B2EABE700300FDB /* Debug */,
				456539071B2EABE700300FDB /* Release */,
			);
			defaultConfigurationIsVisible = 0;
			defaultConfigurationName = Release;
		};
		456539081B2EABE700300FDB /* Build configuration list for PBXNativeTarget "059_Spiral_Matrix_II" */ = {
			isa = XCConfigurationList;
			buildConfigurations = (
				456539091B2EABE700300FDB /* Debug */,
				4565390A1B2EABE700300FDB /* Release */,
			);
			defaultConfigurationIsVisible = 0;
		};
/* End XCConfigurationList section */
	};
	rootObject = 456538FC1B2EABE700300FDB /* Project object */;
}
