// !$*UTF8*$!
{
	archiveVersion = 1;
	classes = {
	};
	objectVersion = 46;
	objects = {

/* Begin PBXBuildFile section */
		45B8B63E1B30DF270095B2BD /* Solution.cpp in Sources */ = {isa = PBXBuildFile; fileRef = 45B8B63C1B30DF270095B2BD /* Solution.cpp */; };
		45B8B63F1B30DF270095B2BD /* Solution.h in Headers */ = {isa = PBXBuildFile; fileRef = 45B8B63D1B30DF270095B2BD /* Solution.h */; };
/* End PBXBuildFile section */

/* Begin PBXFileReference section */
		45B8B6351B30DF200095B2BD /* lib101_Symmetric_Tree.a */ = {isa = PBXFileReference; explicitFileType = archive.ar; includeInIndex = 0; path = lib101_Symmetric_Tree.a; sourceTree = BUILT_PRODUCTS_DIR; };
		45B8B63C1B30DF270095B2BD /* Solution.cpp */ = {isa = PBXFileReference; fileEncoding = 4; lastKnownFileType = sourcecode.cpp.cpp; path = Solution.cpp; sourceTree = "<group>"; };
		45B8B63D1B30DF270095B2BD /* Solution.h */ = {isa = PBXFileReference; fileEncoding = 4; lastKnownFileType = sourcecode.c.h; path = Solution.h; sourceTree = "<group>"; };
/* End PBXFileReference section */

/* Begin PBXFrameworksBuildPhase section */
		45B8B6321B30DF200095B2BD /* Frameworks */ = {
			isa = PBXFrameworksBuildPhase;
			buildActionMask = 2147483647;
			files = (
			);
			runOnlyForDeploymentPostprocessing = 0;
		};
/* End PBXFrameworksBuildPhase section */

/* Begin PBXGroup section */
		45B8B62C1B30DF200095B2BD = {
			isa = PBXGroup;
			children = (
				45B8B63C1B30DF270095B2BD /* Solution.cpp */,
				45B8B63D1B30DF270095B2BD /* Solution.h */,
				45B8B6361B30DF200095B2BD /* Products */,
			);
			sourceTree = "<group>";
		};
		45B8B6361B30DF200095B2BD /* Products */ = {
			isa = PBXGroup;
			children = (
				45B8B6351B30DF200095B2BD /* lib101_Symmetric_Tree.a */,
			);
			name = Products;
			sourceTree = "<group>";
		};
/* End PBXGroup section */

/* Begin PBXHeadersBuildPhase section */
		45B8B6331B30DF200095B2BD /* Headers */ = {
			isa = PBXHeadersBuildPhase;
			buildActionMask = 2147483647;
			files = (
				45B8B63F1B30DF270095B2BD /* Solution.h in Headers */,
			);
			runOnlyForDeploymentPostprocessing = 0;
		};
/* End PBXHeadersBuildPhase section */

/* Begin PBXNativeTarget section */
		45B8B6341B30DF200095B2BD /* 101_Symmetric_Tree */ = {
			isa = PBXNativeTarget;
			buildConfigurationList = 45B8B6391B30DF200095B2BD /* Build configuration list for PBXNativeTarget "101_Symmetric_Tree" */;
			buildPhases = (
				45B8B6311B30DF200095B2BD /* Sources */,
				45B8B6321B30DF200095B2BD /* Frameworks */,
				45B8B6331B30DF200095B2BD /* Headers */,
			);
			buildRules = (
			);
			dependencies = (
			);
			name = 101_Symmetric_Tree;
			productName = 101_Symmetric_Tree;
			productReference = 45B8B6351B30DF200095B2BD /* lib101_Symmetric_Tree.a */;
			productType = "com.apple.product-type.library.static";
		};
/* End PBXNativeTarget section */

/* Begin PBXProject section */
		45B8B62D1B30DF200095B2BD /* Project object */ = {
			isa = PBXProject;
			attributes = {
				LastUpgradeCheck = 0630;
				ORGANIZATIONNAME = "Chao Li";
				TargetAttributes = {
					45B8B6341B30DF200095B2BD = {
						CreatedOnToolsVersion = 6.3.2;
					};
				};
			};
			buildConfigurationList = 45B8B6301B30DF200095B2BD /* Build configuration list for PBXProject "101_Symmetric_Tree" */;
			compatibilityVersion = "Xcode 3.2";
			developmentRegion = English;
			hasScannedForEncodings = 0;
			knownRegions = (
				en,
			);
			mainGroup = 45B8B62C1B30DF200095B2BD;
			productRefGroup = 45B8B6361B30DF200095B2BD /* Products */;
			projectDirPath = "";
			projectRoot = "";
			targets = (
				45B8B6341B30DF200095B2BD /* 101_Symmetric_Tree */,
			);
		};
/* End PBXProject section */

/* Begin PBXSourcesBuildPhase section */
		45B8B6311B30DF200095B2BD /* Sources */ = {
			isa = PBXSourcesBuildPhase;
			buildActionMask = 2147483647;
			files = (
				45B8B63E1B30DF270095B2BD /* Solution.cpp in Sources */,
			);
			runOnlyForDeploymentPostprocessing = 0;
		};
/* End PBXSourcesBuildPhase section */

/* Begin XCBuildConfiguration section */
		45B8B6371B30DF200095B2BD /* Debug */ = {
			isa = XCBuildConfiguration;
			buildSettings = {
				ALWAYS_SEARCH_USER_PATHS = NO;
				CLANG_CXX_LANGUAGE_STANDARD = "gnu++0x";
				CLANG_CXX_LIBRARY = "libc++";
				CLANG_ENABLE_MODULES = YES;
				CLANG_ENABLE_OBJC_ARC = YES;
				CLANG_WARN_BOOL_CONVERSION = YES;
				CLANG_WARN_CONSTANT_CONVERSION = YES;
				CLANG_WARN_DIRECT_OBJC_ISA_USAGE = YES_ERROR;
				CLANG_WARN_EMPTY_BODY = YES;
				CLANG_WARN_ENUM_CONVERSION = YES;
				CLANG_WARN_INT_CONVERSION = YES;
				CLANG_WARN_OBJC_ROOT_CLASS = YES_ERROR;
				CLANG_WARN_UNREACHABLE_CODE = YES;
				CLANG_WARN__DUPLICATE_METHOD_MATCH = YES;
				COPY_PHASE_STRIP = NO;
				DEBUG_INFORMATION_FORMAT = dwarf;
				ENABLE_STRICT_OBJC_MSGSEND = YES;
				GCC_C_LANGUAGE_STANDARD = gnu99;
				GCC_DYNAMIC_NO_PIC = NO;
				GCC_NO_COMMON_BLOCKS = YES;
				GCC_OPTIMIZATION_LEVEL = 0;
				GCC_PREPROCESSOR_DEFINITIONS = (
					"DEBUG=1",
					"$(inherited)",
				);
				GCC_SYMBOLS_PRIVATE_EXTERN = NO;
				GCC_WARN_64_TO_32_BIT_CONVERSION = YES;
				GCC_WARN_ABOUT_RETURN_TYPE = YES_ERROR;
				GCC_WARN_UNDECLARED_SELECTOR = YES;
				GCC_WARN_UNINITIALIZED_AUTOS = YES_AGGRESSIVE;
				GCC_WARN_UNUSED_FUNCTION = YES;
				GCC_WARN_UNUSED_VARIABLE = YES;
				MACOSX_DEPLOYMENT_TARGET = 10.10;
				MTL_ENABLE_DEBUG_INFO = YES;
				ONLY_ACTIVE_ARCH = YES;
				SDKROOT = macosx;
			};
			name = Debug;
		};
		45B8B6381B30DF200095B2BD /* Release */ = {
			isa = XCBuildConfiguration;
			buildSettings = {
				ALWAYS_SEARCH_USER_PATHS = NO;
				CLANG_CXX_LANGUAGE_STANDARD = "gnu++0x";
				CLANG_CXX_LIBRARY = "libc++";
				CLANG_ENABLE_MODULES = YES;
				CLANG_ENABLE_OBJC_ARC = YES;
				CLANG_WARN_BOOL_CONVERSION = YES;
				CLANG_WARN_CONSTANT_CONVERSION = YES;
				CLANG_WARN_DIRECT_OBJC_ISA_USAGE = YES_ERROR;
				CLANG_WARN_EMPTY_BODY = YES;
				CLANG_WARN_ENUM_CONVERSION = YES;
				CLANG_WARN_INT_CONVERSION = YES;
				CLANG_WARN_OBJC_ROOT_CLASS = YES_ERROR;
				CLANG_WARN_UNREACHABLE_CODE = YES;
				CLANG_WARN__DUPLICATE_METHOD_MATCH = YES;
				COPY_PHASE_STRIP = NO;
				DEBUG_INFORMATION_FORMAT = "dwarf-with-dsym";
				ENABLE_NS_ASSERTIONS = NO;
				ENABLE_STRICT_OBJC_MSGSEND = YES;
				GCC_C_LANGUAGE_STANDARD = gnu99;
				GCC_NO_COMMON_BLOCKS = YES;
				GCC_WARN_64_TO_32_BIT_CONVERSION = YES;
				GCC_WARN_ABOUT_RETURN_TYPE = YES_ERROR;
				GCC_WARN_UNDECLARED_SELECTOR = YES;
				GCC_WARN_UNINITIALIZED_AUTOS = YES_AGGRESSIVE;
				GCC_WARN_UNUSED_FUNCTION = YES;
				GCC_WARN_UNUSED_VARIABLE = YES;
				MACOSX_DEPLOYMENT_TARGET = 10.10;
				MTL_ENABLE_DEBUG_INFO = NO;
				SDKROOT = macosx;
			};
			name = Release;
		};
		45B8B63A1B30DF200095B2BD /* Debug */ = {
			isa = XCBuildConfiguration;
			buildSettings = {
				EXECUTABLE_PREFIX = lib;
				PRODUCT_NAME = "$(TARGET_NAME)";
			};
			name = Debug;
		};
		45B8B63B1B30DF200095B2BD /* Release */ = {
			isa = XCBuildConfiguration;
			buildSettings = {
				EXECUTABLE_PREFIX = lib;
				PRODUCT_NAME = "$(TARGET_NAME)";
			};
			name = Release;
		};
/* End XCBuildConfiguration section */

/* Begin XCConfigurationList section */
		45B8B6301B30DF200095B2BD /* Build configuration list for PBXProject "101_Symmetric_Tree" */ = {
			isa = XCConfigurationList;
			buildConfigurations = (
				45B8B6371B30DF200095B2BD /* Debug */,
				45B8B6381B30DF200095B2BD /* Release */,
			);
			defaultConfigurationIsVisible = 0;
			defaultConfigurationName = Release;
		};
		45B8B6391B30DF200095B2BD /* Build configuration list for PBXNativeTarget "101_Symmetric_Tree" */ = {
			isa = XCConfigurationList;
			buildConfigurations = (
				45B8B63A1B30DF200095B2BD /* Debug */,
				45B8B63B1B30DF200095B2BD /* Release */,
			);
			defaultConfigurationIsVisible = 0;
		};
/* End XCConfigurationList section */
	};
	rootObject = 45B8B62D1B30DF200095B2BD /* Project object */;
}
