// !$*UTF8*$!
{
	archiveVersion = 1;
	classes = {
	};
	objectVersion = 46;
	objects = {

/* Begin PBXBuildFile section */
		4527C0991B1417900047F16A /* main.cpp in Sources */ = {isa = PBXBuildFile; fileRef = 4527C0981B1417900047F16A /* main.cpp */; };
		45A285041B14F2C300F87511 /* lib019_Remove_Nth_Node_From_End_of_List.a in Frameworks */ = {isa = PBXBuildFile; fileRef = 45A285031B14F2C300F87511 /* lib019_Remove_Nth_Node_From_End_of_List.a */; };
		45A285061B14F2E300F87511 /* lib000_Structures.a in Frameworks */ = {isa = PBXBuildFile; fileRef = 45A285051B14F2E300F87511 /* lib000_Structures.a */; };
/* End PBXBuildFile section */

/* Begin PBXCopyFilesBuildPhase section */
		4527C0931B1417900047F16A /* CopyFiles */ = {
			isa = PBXCopyFilesBuildPhase;
			buildActionMask = 2147483647;
			dstPath = /usr/share/man/man1/;
			dstSubfolderSpec = 0;
			files = (
			);
			runOnlyForDeploymentPostprocessing = 1;
		};
/* End PBXCopyFilesBuildPhase section */

/* Begin PBXFileReference section */
		4527C0951B1417900047F16A /* test */ = {isa = PBXFileReference; explicitFileType = "compiled.mach-o.executable"; includeInIndex = 0; path = test; sourceTree = BUILT_PRODUCTS_DIR; };
		4527C0981B1417900047F16A /* main.cpp */ = {isa = PBXFileReference; lastKnownFileType = sourcecode.cpp.cpp; path = main.cpp; sourceTree = "<group>"; };
		4527C09F1B1418E60047F16A /* lib001_Two_Sum.a */ = {isa = PBXFileReference; lastKnownFileType = archive.ar; name = lib001_Two_Sum.a; path = "../../../../Library/Developer/Xcode/DerivedData/Leetcode-dzrgidsgznwgmmgulkztpvrgewif/Build/Products/Debug/lib001_Two_Sum.a"; sourceTree = "<group>"; };
		45A285031B14F2C300F87511 /* lib019_Remove_Nth_Node_From_End_of_List.a */ = {isa = PBXFileReference; lastKnownFileType = archive.ar; name = lib019_Remove_Nth_Node_From_End_of_List.a; path = "../../../../Library/Developer/Xcode/DerivedData/Leetcode-cnjtwzacuvamwkfzbugoubdrcthd/Build/Products/Debug/lib019_Remove_Nth_Node_From_End_of_List.a"; sourceTree = "<group>"; };
		45A285051B14F2E300F87511 /* lib000_Structures.a */ = {isa = PBXFileReference; lastKnownFileType = archive.ar; name = lib000_Structures.a; path = "../../../../Library/Developer/Xcode/DerivedData/Leetcode-cnjtwzacuvamwkfzbugoubdrcthd/Build/Products/Debug/lib000_Structures.a"; sourceTree = "<group>"; };
/* End PBXFileReference section */

/* Begin PBXFrameworksBuildPhase section */
		4527C0921B1417900047F16A /* Frameworks */ = {
			isa = PBXFrameworksBuildPhase;
			buildActionMask = 2147483647;
			files = (
				45A285061B14F2E300F87511 /* lib000_Structures.a in Frameworks */,
				45A285041B14F2C300F87511 /* lib019_Remove_Nth_Node_From_End_of_List.a in Frameworks */,
			);
			runOnlyForDeploymentPostprocessing = 0;
		};
/* End PBXFrameworksBuildPhase section */

/* Begin PBXGroup section */
		4527C08C1B1417900047F16A = {
			isa = PBXGroup;
			children = (
				45A285051B14F2E300F87511 /* lib000_Structures.a */,
				45A285031B14F2C300F87511 /* lib019_Remove_Nth_Node_From_End_of_List.a */,
				4527C09F1B1418E60047F16A /* lib001_Two_Sum.a */,
				4527C0971B1417900047F16A /* test */,
				4527C0961B1417900047F16A /* Products */,
			);
			sourceTree = "<group>";
		};
		4527C0961B1417900047F16A /* Products */ = {
			isa = PBXGroup;
			children = (
				4527C0951B1417900047F16A /* test */,
			);
			name = Products;
			sourceTree = "<group>";
		};
		4527C0971B1417900047F16A /* test */ = {
			isa = PBXGroup;
			children = (
				4527C0981B1417900047F16A /* main.cpp */,
			);
			path = test;
			sourceTree = "<group>";
		};
/* End PBXGroup section */

/* Begin PBXNativeTarget section */
		4527C0941B1417900047F16A /* test */ = {
			isa = PBXNativeTarget;
			buildConfigurationList = 4527C09C1B1417900047F16A /* Build configuration list for PBXNativeTarget "test" */;
			buildPhases = (
				4527C0911B1417900047F16A /* Sources */,
				4527C0921B1417900047F16A /* Frameworks */,
				4527C0931B1417900047F16A /* CopyFiles */,
			);
			buildRules = (
			);
			dependencies = (
			);
			name = test;
			productName = test;
			productReference = 4527C0951B1417900047F16A /* test */;
			productType = "com.apple.product-type.tool";
		};
/* End PBXNativeTarget section */

/* Begin PBXProject section */
		4527C08D1B1417900047F16A /* Project object */ = {
			isa = PBXProject;
			attributes = {
				LastUpgradeCheck = 0630;
				ORGANIZATIONNAME = "Chao Li";
				TargetAttributes = {
					4527C0941B1417900047F16A = {
						CreatedOnToolsVersion = 6.3.2;
					};
				};
			};
			buildConfigurationList = 4527C0901B1417900047F16A /* Build configuration list for PBXProject "test" */;
			compatibilityVersion = "Xcode 3.2";
			developmentRegion = English;
			hasScannedForEncodings = 0;
			knownRegions = (
				en,
			);
			mainGroup = 4527C08C1B1417900047F16A;
			productRefGroup = 4527C0961B1417900047F16A /* Products */;
			projectDirPath = "";
			projectRoot = "";
			targets = (
				4527C0941B1417900047F16A /* test */,
			);
		};
/* End PBXProject section */

/* Begin PBXSourcesBuildPhase section */
		4527C0911B1417900047F16A /* Sources */ = {
			isa = PBXSourcesBuildPhase;
			buildActionMask = 2147483647;
			files = (
				4527C0991B1417900047F16A /* main.cpp in Sources */,
			);
			runOnlyForDeploymentPostprocessing = 0;
		};
/* End PBXSourcesBuildPhase section */

/* Begin XCBuildConfiguration section */
		4527C09A1B1417900047F16A /* Debug */ = {
			isa = XCBuildConfiguration;
			buildSettings = {
				ALWAYS_SEARCH_USER_PATHS = NO;
				CLANG_CXX_LANGUAGE_STANDARD = "gnu++0x";
				CLANG_CXX_LIBRARY = "libc++";
				CLANG_ENABLE_MODULES = YES;
				CLANG_ENABLE_OBJC_ARC = YES;
				CLANG_WARN_BOOL_CONVERSION = YES;
				CLANG_WARN_CONSTANT_CONVERSION = YES;
				CLANG_WARN_DIRECT_OBJC_ISA_USAGE = YES_ERROR;
				CLANG_WARN_EMPTY_BODY = YES;
				CLANG_WARN_ENUM_CONVERSION = YES;
				CLANG_WARN_INT_CONVERSION = YES;
				CLANG_WARN_OBJC_ROOT_CLASS = YES_ERROR;
				CLANG_WARN_UNREACHABLE_CODE = YES;
				CLANG_WARN__DUPLICATE_METHOD_MATCH = YES;
				COPY_PHASE_STRIP = NO;
				DEBUG_INFORMATION_FORMAT = dwarf;
				ENABLE_STRICT_OBJC_MSGSEND = YES;
				GCC_C_LANGUAGE_STANDARD = gnu99;
				GCC_DYNAMIC_NO_PIC = NO;
				GCC_NO_COMMON_BLOCKS = YES;
				GCC_OPTIMIZATION_LEVEL = 0;
				GCC_PREPROCESSOR_DEFINITIONS = (
					"DEBUG=1",
					"$(inherited)",
				);
				GCC_SYMBOLS_PRIVATE_EXTERN = NO;
				GCC_WARN_64_TO_32_BIT_CONVERSION = YES;
				GCC_WARN_ABOUT_RETURN_TYPE = YES_ERROR;
				GCC_WARN_UNDECLARED_SELECTOR = YES;
				GCC_WARN_UNINITIALIZED_AUTOS = YES_AGGRESSIVE;
				GCC_WARN_UNUSED_FUNCTION = YES;
				GCC_WARN_UNUSED_VARIABLE = YES;
				MACOSX_DEPLOYMENT_TARGET = 10.10;
				MTL_ENABLE_DEBUG_INFO = YES;
				ONLY_ACTIVE_ARCH = YES;
				SDKROOT = macosx;
			};
			name = Debug;
		};
		4527C09B1B1417900047F16A /* Release */ = {
			isa = XCBuildConfiguration;
			buildSettings = {
				ALWAYS_SEARCH_USER_PATHS = NO;
				CLANG_CXX_LANGUAGE_STANDARD = "gnu++0x";
				CLANG_CXX_LIBRARY = "libc++";
				CLANG_ENABLE_MODULES = YES;
				CLANG_ENABLE_OBJC_ARC = YES;
				CLANG_WARN_BOOL_CONVERSION = YES;
				CLANG_WARN_CONSTANT_CONVERSION = YES;
				CLANG_WARN_DIRECT_OBJC_ISA_USAGE = YES_ERROR;
				CLANG_WARN_EMPTY_BODY = YES;
				CLANG_WARN_ENUM_CONVERSION = YES;
				CLANG_WARN_INT_CONVERSION = YES;
				CLANG_WARN_OBJC_ROOT_CLASS = YES_ERROR;
				CLANG_WARN_UNREACHABLE_CODE = YES;
				CLANG_WARN__DUPLICATE_METHOD_MATCH = YES;
				COPY_PHASE_STRIP = NO;
				DEBUG_INFORMATION_FORMAT = "dwarf-with-dsym";
				ENABLE_NS_ASSERTIONS = NO;
				ENABLE_STRICT_OBJC_MSGSEND = YES;
				GCC_C_LANGUAGE_STANDARD = gnu99;
				GCC_NO_COMMON_BLOCKS = YES;
				GCC_WARN_64_TO_32_BIT_CONVERSION = YES;
				GCC_WARN_ABOUT_RETURN_TYPE = YES_ERROR;
				GCC_WARN_UNDECLARED_SELECTOR = YES;
				GCC_WARN_UNINITIALIZED_AUTOS = YES_AGGRESSIVE;
				GCC_WARN_UNUSED_FUNCTION = YES;
				GCC_WARN_UNUSED_VARIABLE = YES;
				MACOSX_DEPLOYMENT_TARGET = 10.10;
				MTL_ENABLE_DEBUG_INFO = NO;
				SDKROOT = macosx;
			};
			name = Release;
		};
		4527C09D1B1417900047F16A /* Debug */ = {
			isa = XCBuildConfiguration;
			buildSettings = {
				LIBRARY_SEARCH_PATHS = (
					"$(inherited)",
					"$(USER_LIBRARY_DIR)/Developer/Xcode/DerivedData/Leetcode-dzrgidsgznwgmmgulkztpvrgewif/Build/Products/Debug",
					"$(USER_LIBRARY_DIR)/Developer/Xcode/DerivedData/Leetcode-cnjtwzacuvamwkfzbugoubdrcthd/Build/Products/Debug",
				);
				PRODUCT_NAME = "$(TARGET_NAME)";
			};
			name = Debug;
		};
		4527C09E1B1417900047F16A /* Release */ = {
			isa = XCBuildConfiguration;
			buildSettings = {
				LIBRARY_SEARCH_PATHS = (
					"$(inherited)",
					"$(USER_LIBRARY_DIR)/Developer/Xcode/DerivedData/Leetcode-dzrgidsgznwgmmgulkztpvrgewif/Build/Products/Debug",
					"$(USER_LIBRARY_DIR)/Developer/Xcode/DerivedData/Leetcode-cnjtwzacuvamwkfzbugoubdrcthd/Build/Products/Debug",
				);
				PRODUCT_NAME = "$(TARGET_NAME)";
			};
			name = Release;
		};
/* End XCBuildConfiguration section */

/* Begin XCConfigurationList section */
		4527C0901B1417900047F16A /* Build configuration list for PBXProject "test" */ = {
			isa = XCConfigurationList;
			buildConfigurations = (
				4527C09A1B1417900047F16A /* Debug */,
				4527C09B1B1417900047F16A /* Release */,
			);
			defaultConfigurationIsVisible = 0;
			defaultConfigurationName = Release;
		};
		4527C09C1B1417900047F16A /* Build configuration list for PBXNativeTarget "test" */ = {
			isa = XCConfigurationList;
			buildConfigurations = (
				4527C09D1B1417900047F16A /* Debug */,
				4527C09E1B1417900047F16A /* Release */,
			);
			defaultConfigurationIsVisible = 0;
			defaultConfigurationName = Release;
		};
/* End XCConfigurationList section */
	};
	rootObject = 4527C08D1B1417900047F16A /* Project object */;
}
