// !$*UTF8*$!
{
	archiveVersion = 1;
	classes = {
	};
	objectVersion = 46;
	objects = {

/* Begin PBXBuildFile section */
		456539851B2F693500300FDB /* Solution.cpp in Sources */ = {isa = PBXBuildFile; fileRef = 456539831B2F693500300FDB /* Solution.cpp */; };
		456539861B2F693500300FDB /* Solution.h in Headers */ = {isa = PBXBuildFile; fileRef = 456539841B2F693500300FDB /* Solution.h */; };
/* End PBXBuildFile section */

/* Begin PBXFileReference section */
		4565397C1B2F692E00300FDB /* lib065_Valid_Number.a */ = {isa = PBXFileReference; explicitFileType = archive.ar; includeInIndex = 0; path = lib065_Valid_Number.a; sourceTree = BUILT_PRODUCTS_DIR; };
		456539831B2F693500300FDB /* Solution.cpp */ = {isa = PBXFileReference; fileEncoding = 4; lastKnownFileType = sourcecode.cpp.cpp; path = Solution.cpp; sourceTree = "<group>"; };
		456539841B2F693500300FDB /* Solution.h */ = {isa = PBXFileReference; fileEncoding = 4; lastKnownFileType = sourcecode.c.h; path = Solution.h; sourceTree = "<group>"; };
/* End PBXFileReference section */

/* Begin PBXFrameworksBuildPhase section */
		456539791B2F692E00300FDB /* Frameworks */ = {
			isa = PBXFrameworksBuildPhase;
			buildActionMask = 2147483647;
			files = (
			);
			runOnlyForDeploymentPostprocessing = 0;
		};
/* End PBXFrameworksBuildPhase section */

/* Begin PBXGroup section */
		456539731B2F692E00300FDB = {
			isa = PBXGroup;
			children = (
				456539831B2F693500300FDB /* Solution.cpp */,
				456539841B2F693500300FDB /* Solution.h */,
				4565397D1B2F692E00300FDB /* Products */,
			);
			sourceTree = "<group>";
		};
		4565397D1B2F692E00300FDB /* Products */ = {
			isa = PBXGroup;
			children = (
				4565397C1B2F692E00300FDB /* lib065_Valid_Number.a */,
			);
			name = Products;
			sourceTree = "<group>";
		};
/* End PBXGroup section */

/* Begin PBXHeadersBuildPhase section */
		4565397A1B2F692E00300FDB /* Headers */ = {
			isa = PBXHeadersBuildPhase;
			buildActionMask = 2147483647;
			files = (
				456539861B2F693500300FDB /* Solution.h in Headers */,
			);
			runOnlyForDeploymentPostprocessing = 0;
		};
/* End PBXHeadersBuildPhase section */

/* Begin PBXNativeTarget section */
		4565397B1B2F692E00300FDB /* 065_Valid_Number */ = {
			isa = PBXNativeTarget;
			buildConfigurationList = 456539801B2F692E00300FDB /* Build configuration list for PBXNativeTarget "065_Valid_Number" */;
			buildPhases = (
				456539781B2F692E00300FDB /* Sources */,
				456539791B2F692E00300FDB /* Frameworks */,
				4565397A1B2F692E00300FDB /* Headers */,
			);
			buildRules = (
			);
			dependencies = (
			);
			name = 065_Valid_Number;
			productName = 065_Valid_Number;
			productReference = 4565397C1B2F692E00300FDB /* lib065_Valid_Number.a */;
			productType = "com.apple.product-type.library.static";
		};
/* End PBXNativeTarget section */

/* Begin PBXProject section */
		456539741B2F692E00300FDB /* Project object */ = {
			isa = PBXProject;
			attributes = {
				LastUpgradeCheck = 0630;
				ORGANIZATIONNAME = "Chao Li";
				TargetAttributes = {
					4565397B1B2F692E00300FDB = {
						CreatedOnToolsVersion = 6.3.2;
					};
				};
			};
			buildConfigurationList = 456539771B2F692E00300FDB /* Build configuration list for PBXProject "065_Valid_Number" */;
			compatibilityVersion = "Xcode 3.2";
			developmentRegion = English;
			hasScannedForEncodings = 0;
			knownRegions = (
				en,
			);
			mainGroup = 456539731B2F692E00300FDB;
			productRefGroup = 4565397D1B2F692E00300FDB /* Products */;
			projectDirPath = "";
			projectRoot = "";
			targets = (
				4565397B1B2F692E00300FDB /* 065_Valid_Number */,
			);
		};
/* End PBXProject section */

/* Begin PBXSourcesBuildPhase section */
		456539781B2F692E00300FDB /* Sources */ = {
			isa = PBXSourcesBuildPhase;
			buildActionMask = 2147483647;
			files = (
				456539851B2F693500300FDB /* Solution.cpp in Sources */,
			);
			runOnlyForDeploymentPostprocessing = 0;
		};
/* End PBXSourcesBuildPhase section */

/* Begin XCBuildConfiguration section */
		4565397E1B2F692E00300FDB /* Debug */ = {
			isa = XCBuildConfiguration;
			buildSettings = {
				ALWAYS_SEARCH_USER_PATHS = NO;
				CLANG_CXX_LANGUAGE_STANDARD = "gnu++0x";
				CLANG_CXX_LIBRARY = "libc++";
				CLANG_ENABLE_MODULES = YES;
				CLANG_ENABLE_OBJC_ARC = YES;
				CLANG_WARN_BOOL_CONVERSION = YES;
				CLANG_WARN_CONSTANT_CONVERSION = YES;
				CLANG_WARN_DIRECT_OBJC_ISA_USAGE = YES_ERROR;
				CLANG_WARN_EMPTY_BODY = YES;
				CLANG_WARN_ENUM_CONVERSION = YES;
				CLANG_WARN_INT_CONVERSION = YES;
				CLANG_WARN_OBJC_ROOT_CLASS = YES_ERROR;
				CLANG_WARN_UNREACHABLE_CODE = YES;
				CLANG_WARN__DUPLICATE_METHOD_MATCH = YES;
				COPY_PHASE_STRIP = NO;
				DEBUG_INFORMATION_FORMAT = dwarf;
				ENABLE_STRICT_OBJC_MSGSEND = YES;
				GCC_C_LANGUAGE_STANDARD = gnu99;
				GCC_DYNAMIC_NO_PIC = NO;
				GCC_NO_COMMON_BLOCKS = YES;
				GCC_OPTIMIZATION_LEVEL = 0;
				GCC_PREPROCESSOR_DEFINITIONS = (
					"DEBUG=1",
					"$(inherited)",
				);
				GCC_SYMBOLS_PRIVATE_EXTERN = NO;
				GCC_WARN_64_TO_32_BIT_CONVERSION = YES;
				GCC_WARN_ABOUT_RETURN_TYPE = YES_ERROR;
				GCC_WARN_UNDECLARED_SELECTOR = YES;
				GCC_WARN_UNINITIALIZED_AUTOS = YES_AGGRESSIVE;
				GCC_WARN_UNUSED_FUNCTION = YES;
				GCC_WARN_UNUSED_VARIABLE = YES;
				MACOSX_DEPLOYMENT_TARGET = 10.10;
				MTL_ENABLE_DEBUG_INFO = YES;
				ONLY_ACTIVE_ARCH = YES;
				SDKROOT = macosx;
			};
			name = Debug;
		};
		4565397F1B2F692E00300FDB /* Release */ = {
			isa = XCBuildConfiguration;
			buildSettings = {
				ALWAYS_SEARCH_USER_PATHS = NO;
				CLANG_CXX_LANGUAGE_STANDARD = "gnu++0x";
				CLANG_CXX_LIBRARY = "libc++";
				CLANG_ENABLE_MODULES = YES;
				CLANG_ENABLE_OBJC_ARC = YES;
				CLANG_WARN_BOOL_CONVERSION = YES;
				CLANG_WARN_CONSTANT_CONVERSION = YES;
				CLANG_WARN_DIRECT_OBJC_ISA_USAGE = YES_ERROR;
				CLANG_WARN_EMPTY_BODY = YES;
				CLANG_WARN_ENUM_CONVERSION = YES;
				CLANG_WARN_INT_CONVERSION = YES;
				CLANG_WARN_OBJC_ROOT_CLASS = YES_ERROR;
				CLANG_WARN_UNREACHABLE_CODE = YES;
				CLANG_WARN__DUPLICATE_METHOD_MATCH = YES;
				COPY_PHASE_STRIP = NO;
				DEBUG_INFORMATION_FORMAT = "dwarf-with-dsym";
				ENABLE_NS_ASSERTIONS = NO;
				ENABLE_STRICT_OBJC_MSGSEND = YES;
				GCC_C_LANGUAGE_STANDARD = gnu99;
				GCC_NO_COMMON_BLOCKS = YES;
				GCC_WARN_64_TO_32_BIT_CONVERSION = YES;
				GCC_WARN_ABOUT_RETURN_TYPE = YES_ERROR;
				GCC_WARN_UNDECLARED_SELECTOR = YES;
				GCC_WARN_UNINITIALIZED_AUTOS = YES_AGGRESSIVE;
				GCC_WARN_UNUSED_FUNCTION = YES;
				GCC_WARN_UNUSED_VARIABLE = YES;
				MACOSX_DEPLOYMENT_TARGET = 10.10;
				MTL_ENABLE_DEBUG_INFO = NO;
				SDKROOT = macosx;
			};
			name = Release;
		};
		456539811B2F692E00300FDB /* Debug */ = {
			isa = XCBuildConfiguration;
			buildSettings = {
				EXECUTABLE_PREFIX = lib;
				PRODUCT_NAME = "$(TARGET_NAME)";
			};
			name = Debug;
		};
		456539821B2F692E00300FDB /* Release */ = {
			isa = XCBuildConfiguration;
			buildSettings = {
				EXECUTABLE_PREFIX = lib;
				PRODUCT_NAME = "$(TARGET_NAME)";
			};
			name = Release;
		};
/* End XCBuildConfiguration section */

/* Begin XCConfigurationList section */
		456539771B2F692E00300FDB /* Build configuration list for PBXProject "065_Valid_Number" */ = {
			isa = XCConfigurationList;
			buildConfigurations = (
				4565397E1B2F692E00300FDB /* Debug */,
				4565397F1B2F692E00300FDB /* Release */,
			);
			defaultConfigurationIsVisible = 0;
			defaultConfigurationName = Release;
		};
		456539801B2F692E00300FDB /* Build configuration list for PBXNativeTarget "065_Valid_Number" */ = {
			isa = XCConfigurationList;
			buildConfigurations = (
				456539811B2F692E00300FDB /* Debug */,
				456539821B2F692E00300FDB /* Release */,
			);
			defaultConfigurationIsVisible = 0;
		};
/* End XCConfigurationList section */
	};
	rootObject = 456539741B2F692E00300FDB /* Project object */;
}
