// !$*UTF8*$!
{
	archiveVersion = 1;
	classes = {
	};
	objectVersion = 46;
	objects = {

/* Begin PBXBuildFile section */
		45CD9CF71B32434A0042BECD /* Solution.cpp in Sources */ = {isa = PBXBuildFile; fileRef = 45CD9CF51B32434A0042BECD /* Solution.cpp */; };
		45CD9CF81B32434A0042BECD /* Solution.h in Headers */ = {isa = PBXBuildFile; fileRef = 45CD9CF61B32434A0042BECD /* Solution.h */; };
/* End PBXBuildFile section */

/* Begin PBXFileReference section */
		45CD9CEE1B3243440042BECD /* lib129_Sum_Root_to_Leaf_Numbers.a */ = {isa = PBXFileReference; explicitFileType = archive.ar; includeInIndex = 0; path = lib129_Sum_Root_to_Leaf_Numbers.a; sourceTree = BUILT_PRODUCTS_DIR; };
		45CD9CF51B32434A0042BECD /* Solution.cpp */ = {isa = PBXFileReference; fileEncoding = 4; lastKnownFileType = sourcecode.cpp.cpp; path = Solution.cpp; sourceTree = "<group>"; };
		45CD9CF61B32434A0042BECD /* Solution.h */ = {isa = PBXFileReference; fileEncoding = 4; lastKnownFileType = sourcecode.c.h; path = Solution.h; sourceTree = "<group>"; };
/* End PBXFileReference section */

/* Begin PBXFrameworksBuildPhase section */
		45CD9CEB1B3243440042BECD /* Frameworks */ = {
			isa = PBXFrameworksBuildPhase;
			buildActionMask = 2147483647;
			files = (
			);
			runOnlyForDeploymentPostprocessing = 0;
		};
/* End PBXFrameworksBuildPhase section */

/* Begin PBXGroup section */
		45CD9CE51B3243430042BECD = {
			isa = PBXGroup;
			children = (
				45CD9CF51B32434A0042BECD /* Solution.cpp */,
				45CD9CF61B32434A0042BECD /* Solution.h */,
				45CD9CEF1B3243440042BECD /* Products */,
			);
			sourceTree = "<group>";
		};
		45CD9CEF1B3243440042BECD /* Products */ = {
			isa = PBXGroup;
			children = (
				45CD9CEE1B3243440042BECD /* lib129_Sum_Root_to_Leaf_Numbers.a */,
			);
			name = Products;
			sourceTree = "<group>";
		};
/* End PBXGroup section */

/* Begin PBXHeadersBuildPhase section */
		45CD9CEC1B3243440042BECD /* Headers */ = {
			isa = PBXHeadersBuildPhase;
			buildActionMask = 2147483647;
			files = (
				45CD9CF81B32434A0042BECD /* Solution.h in Headers */,
			);
			runOnlyForDeploymentPostprocessing = 0;
		};
/* End PBXHeadersBuildPhase section */

/* Begin PBXNativeTarget section */
		45CD9CED1B3243440042BECD /* 129_Sum_Root_to_Leaf_Numbers */ = {
			isa = PBXNativeTarget;
			buildConfigurationList = 45CD9CF21B3243440042BECD /* Build configuration list for PBXNativeTarget "129_Sum_Root_to_Leaf_Numbers" */;
			buildPhases = (
				45CD9CEA1B3243440042BECD /* Sources */,
				45CD9CEB1B3243440042BECD /* Frameworks */,
				45CD9CEC1B3243440042BECD /* Headers */,
			);
			buildRules = (
			);
			dependencies = (
			);
			name = 129_Sum_Root_to_Leaf_Numbers;
			productName = 129_Sum_Root_to_Leaf_Numbers;
			productReference = 45CD9CEE1B3243440042BECD /* lib129_Sum_Root_to_Leaf_Numbers.a */;
			productType = "com.apple.product-type.library.static";
		};
/* End PBXNativeTarget section */

/* Begin PBXProject section */
		45CD9CE61B3243430042BECD /* Project object */ = {
			isa = PBXProject;
			attributes = {
				LastUpgradeCheck = 0630;
				ORGANIZATIONNAME = "Chao Li";
				TargetAttributes = {
					45CD9CED1B3243440042BECD = {
						CreatedOnToolsVersion = 6.3.2;
					};
				};
			};
			buildConfigurationList = 45CD9CE91B3243430042BECD /* Build configuration list for PBXProject "129_Sum_Root_to_Leaf_Numbers" */;
			compatibilityVersion = "Xcode 3.2";
			developmentRegion = English;
			hasScannedForEncodings = 0;
			knownRegions = (
				en,
			);
			mainGroup = 45CD9CE51B3243430042BECD;
			productRefGroup = 45CD9CEF1B3243440042BECD /* Products */;
			projectDirPath = "";
			projectRoot = "";
			targets = (
				45CD9CED1B3243440042BECD /* 129_Sum_Root_to_Leaf_Numbers */,
			);
		};
/* End PBXProject section */

/* Begin PBXSourcesBuildPhase section */
		45CD9CEA1B3243440042BECD /* Sources */ = {
			isa = PBXSourcesBuildPhase;
			buildActionMask = 2147483647;
			files = (
				45CD9CF71B32434A0042BECD /* Solution.cpp in Sources */,
			);
			runOnlyForDeploymentPostprocessing = 0;
		};
/* End PBXSourcesBuildPhase section */

/* Begin XCBuildConfiguration section */
		45CD9CF01B3243440042BECD /* Debug */ = {
			isa = XCBuildConfiguration;
			buildSettings = {
				ALWAYS_SEARCH_USER_PATHS = NO;
				CLANG_CXX_LANGUAGE_STANDARD = "gnu++0x";
				CLANG_CXX_LIBRARY = "libc++";
				CLANG_ENABLE_MODULES = YES;
				CLANG_ENABLE_OBJC_ARC = YES;
				CLANG_WARN_BOOL_CONVERSION = YES;
				CLANG_WARN_CONSTANT_CONVERSION = YES;
				CLANG_WARN_DIRECT_OBJC_ISA_USAGE = YES_ERROR;
				CLANG_WARN_EMPTY_BODY = YES;
				CLANG_WARN_ENUM_CONVERSION = YES;
				CLANG_WARN_INT_CONVERSION = YES;
				CLANG_WARN_OBJC_ROOT_CLASS = YES_ERROR;
				CLANG_WARN_UNREACHABLE_CODE = YES;
				CLANG_WARN__DUPLICATE_METHOD_MATCH = YES;
				COPY_PHASE_STRIP = NO;
				DEBUG_INFORMATION_FORMAT = dwarf;
				ENABLE_STRICT_OBJC_MSGSEND = YES;
				GCC_C_LANGUAGE_STANDARD = gnu99;
				GCC_DYNAMIC_NO_PIC = NO;
				GCC_NO_COMMON_BLOCKS = YES;
				GCC_OPTIMIZATION_LEVEL = 0;
				GCC_PREPROCESSOR_DEFINITIONS = (
					"DEBUG=1",
					"$(inherited)",
				);
				GCC_SYMBOLS_PRIVATE_EXTERN = NO;
				GCC_WARN_64_TO_32_BIT_CONVERSION = YES;
				GCC_WARN_ABOUT_RETURN_TYPE = YES_ERROR;
				GCC_WARN_UNDECLARED_SELECTOR = YES;
				GCC_WARN_UNINITIALIZED_AUTOS = YES_AGGRESSIVE;
				GCC_WARN_UNUSED_FUNCTION = YES;
				GCC_WARN_UNUSED_VARIABLE = YES;
				MACOSX_DEPLOYMENT_TARGET = 10.10;
				MTL_ENABLE_DEBUG_INFO = YES;
				ONLY_ACTIVE_ARCH = YES;
				SDKROOT = macosx;
			};
			name = Debug;
		};
		45CD9CF11B3243440042BECD /* Release */ = {
			isa = XCBuildConfiguration;
			buildSettings = {
				ALWAYS_SEARCH_USER_PATHS = NO;
				CLANG_CXX_LANGUAGE_STANDARD = "gnu++0x";
				CLANG_CXX_LIBRARY = "libc++";
				CLANG_ENABLE_MODULES = YES;
				CLANG_ENABLE_OBJC_ARC = YES;
				CLANG_WARN_BOOL_CONVERSION = YES;
				CLANG_WARN_CONSTANT_CONVERSION = YES;
				CLANG_WARN_DIRECT_OBJC_ISA_USAGE = YES_ERROR;
				CLANG_WARN_EMPTY_BODY = YES;
				CLANG_WARN_ENUM_CONVERSION = YES;
				CLANG_WARN_INT_CONVERSION = YES;
				CLANG_WARN_OBJC_ROOT_CLASS = YES_ERROR;
				CLANG_WARN_UNREACHABLE_CODE = YES;
				CLANG_WARN__DUPLICATE_METHOD_MATCH = YES;
				COPY_PHASE_STRIP = NO;
				DEBUG_INFORMATION_FORMAT = "dwarf-with-dsym";
				ENABLE_NS_ASSERTIONS = NO;
				ENABLE_STRICT_OBJC_MSGSEND = YES;
				GCC_C_LANGUAGE_STANDARD = gnu99;
				GCC_NO_COMMON_BLOCKS = YES;
				GCC_WARN_64_TO_32_BIT_CONVERSION = YES;
				GCC_WARN_ABOUT_RETURN_TYPE = YES_ERROR;
				GCC_WARN_UNDECLARED_SELECTOR = YES;
				GCC_WARN_UNINITIALIZED_AUTOS = YES_AGGRESSIVE;
				GCC_WARN_UNUSED_FUNCTION = YES;
				GCC_WARN_UNUSED_VARIABLE = YES;
				MACOSX_DEPLOYMENT_TARGET = 10.10;
				MTL_ENABLE_DEBUG_INFO = NO;
				SDKROOT = macosx;
			};
			name = Release;
		};
		45CD9CF31B3243440042BECD /* Debug */ = {
			isa = XCBuildConfiguration;
			buildSettings = {
				EXECUTABLE_PREFIX = lib;
				PRODUCT_NAME = "$(TARGET_NAME)";
			};
			name = Debug;
		};
		45CD9CF41B3243440042BECD /* Release */ = {
			isa = XCBuildConfiguration;
			buildSettings = {
				EXECUTABLE_PREFIX = lib;
				PRODUCT_NAME = "$(TARGET_NAME)";
			};
			name = Release;
		};
/* End XCBuildConfiguration section */

/* Begin XCConfigurationList section */
		45CD9CE91B3243430042BECD /* Build configuration list for PBXProject "129_Sum_Root_to_Leaf_Numbers" */ = {
			isa = XCConfigurationList;
			buildConfigurations = (
				45CD9CF01B3243440042BECD /* Debug */,
				45CD9CF11B3243440042BECD /* Release */,
			);
			defaultConfigurationIsVisible = 0;
			defaultConfigurationName = Release;
		};
		45CD9CF21B3243440042BECD /* Build configuration list for PBXNativeTarget "129_Sum_Root_to_Leaf_Numbers" */ = {
			isa = XCConfigurationList;
			buildConfigurations = (
				45CD9CF31B3243440042BECD /* Debug */,
				45CD9CF41B3243440042BECD /* Release */,
			);
			defaultConfigurationIsVisible = 0;
		};
/* End XCConfigurationList section */
	};
	rootObject = 45CD9CE61B3243430042BECD /* Project object */;
}
