// !$*UTF8*$!
{
	archiveVersion = 1;
	classes = {
	};
	objectVersion = 46;
	objects = {

/* Begin PBXBuildFile section */
		45653A111B2F6F3B00300FDB /* Solution.cpp in Sources */ = {isa = PBXBuildFile; fileRef = 45653A0F1B2F6F3B00300FDB /* Solution.cpp */; };
		45653A121B2F6F3B00300FDB /* Solution.h in Headers */ = {isa = PBXBuildFile; fileRef = 45653A101B2F6F3B00300FDB /* Solution.h */; };
/* End PBXBuildFile section */

/* Begin PBXFileReference section */
		45653A081B2F6F3400300FDB /* lib072_Edit_Distance.a */ = {isa = PBXFileReference; explicitFileType = archive.ar; includeInIndex = 0; path = lib072_Edit_Distance.a; sourceTree = BUILT_PRODUCTS_DIR; };
		45653A0F1B2F6F3B00300FDB /* Solution.cpp */ = {isa = PBXFileReference; fileEncoding = 4; lastKnownFileType = sourcecode.cpp.cpp; path = Solution.cpp; sourceTree = "<group>"; };
		45653A101B2F6F3B00300FDB /* Solution.h */ = {isa = PBXFileReference; fileEncoding = 4; lastKnownFileType = sourcecode.c.h; path = Solution.h; sourceTree = "<group>"; };
/* End PBXFileReference section */

/* Begin PBXFrameworksBuildPhase section */
		45653A051B2F6F3400300FDB /* Frameworks */ = {
			isa = PBXFrameworksBuildPhase;
			buildActionMask = 2147483647;
			files = (
			);
			runOnlyForDeploymentPostprocessing = 0;
		};
/* End PBXFrameworksBuildPhase section */

/* Begin PBXGroup section */
		456539FF1B2F6F3400300FDB = {
			isa = PBXGroup;
			children = (
				45653A0F1B2F6F3B00300FDB /* Solution.cpp */,
				45653A101B2F6F3B00300FDB /* Solution.h */,
				45653A091B2F6F3400300FDB /* Products */,
			);
			sourceTree = "<group>";
		};
		45653A091B2F6F3400300FDB /* Products */ = {
			isa = PBXGroup;
			children = (
				45653A081B2F6F3400300FDB /* lib072_Edit_Distance.a */,
			);
			name = Products;
			sourceTree = "<group>";
		};
/* End PBXGroup section */

/* Begin PBXHeadersBuildPhase section */
		45653A061B2F6F3400300FDB /* Headers */ = {
			isa = PBXHeadersBuildPhase;
			buildActionMask = 2147483647;
			files = (
				45653A121B2F6F3B00300FDB /* Solution.h in Headers */,
			);
			runOnlyForDeploymentPostprocessing = 0;
		};
/* End PBXHeadersBuildPhase section */

/* Begin PBXNativeTarget section */
		45653A071B2F6F3400300FDB /* 072_Edit_Distance */ = {
			isa = PBXNativeTarget;
			buildConfigurationList = 45653A0C1B2F6F3400300FDB /* Build configuration list for PBXNativeTarget "072_Edit_Distance" */;
			buildPhases = (
				45653A041B2F6F3400300FDB /* Sources */,
				45653A051B2F6F3400300FDB /* Frameworks */,
				45653A061B2F6F3400300FDB /* Headers */,
			);
			buildRules = (
			);
			dependencies = (
			);
			name = 072_Edit_Distance;
			productName = 072_Edit_Distance;
			productReference = 45653A081B2F6F3400300FDB /* lib072_Edit_Distance.a */;
			productType = "com.apple.product-type.library.static";
		};
/* End PBXNativeTarget section */

/* Begin PBXProject section */
		45653A001B2F6F3400300FDB /* Project object */ = {
			isa = PBXProject;
			attributes = {
				LastUpgradeCheck = 0630;
				ORGANIZATIONNAME = "Chao Li";
				TargetAttributes = {
					45653A071B2F6F3400300FDB = {
						CreatedOnToolsVersion = 6.3.2;
					};
				};
			};
			buildConfigurationList = 45653A031B2F6F3400300FDB /* Build configuration list for PBXProject "072_Edit_Distance" */;
			compatibilityVersion = "Xcode 3.2";
			developmentRegion = English;
			hasScannedForEncodings = 0;
			knownRegions = (
				en,
			);
			mainGroup = 456539FF1B2F6F3400300FDB;
			productRefGroup = 45653A091B2F6F3400300FDB /* Products */;
			projectDirPath = "";
			projectRoot = "";
			targets = (
				45653A071B2F6F3400300FDB /* 072_Edit_Distance */,
			);
		};
/* End PBXProject section */

/* Begin PBXSourcesBuildPhase section */
		45653A041B2F6F3400300FDB /* Sources */ = {
			isa = PBXSourcesBuildPhase;
			buildActionMask = 2147483647;
			files = (
				45653A111B2F6F3B00300FDB /* Solution.cpp in Sources */,
			);
			runOnlyForDeploymentPostprocessing = 0;
		};
/* End PBXSourcesBuildPhase section */

/* Begin XCBuildConfiguration section */
		45653A0A1B2F6F3400300FDB /* Debug */ = {
			isa = XCBuildConfiguration;
			buildSettings = {
				ALWAYS_SEARCH_USER_PATHS = NO;
				CLANG_CXX_LANGUAGE_STANDARD = "gnu++0x";
				CLANG_CXX_LIBRARY = "libc++";
				CLANG_ENABLE_MODULES = YES;
				CLANG_ENABLE_OBJC_ARC = YES;
				CLANG_WARN_BOOL_CONVERSION = YES;
				CLANG_WARN_CONSTANT_CONVERSION = YES;
				CLANG_WARN_DIRECT_OBJC_ISA_USAGE = YES_ERROR;
				CLANG_WARN_EMPTY_BODY = YES;
				CLANG_WARN_ENUM_CONVERSION = YES;
				CLANG_WARN_INT_CONVERSION = YES;
				CLANG_WARN_OBJC_ROOT_CLASS = YES_ERROR;
				CLANG_WARN_UNREACHABLE_CODE = YES;
				CLANG_WARN__DUPLICATE_METHOD_MATCH = YES;
				COPY_PHASE_STRIP = NO;
				DEBUG_INFORMATION_FORMAT = dwarf;
				ENABLE_STRICT_OBJC_MSGSEND = YES;
				GCC_C_LANGUAGE_STANDARD = gnu99;
				GCC_DYNAMIC_NO_PIC = NO;
				GCC_NO_COMMON_BLOCKS = YES;
				GCC_OPTIMIZATION_LEVEL = 0;
				GCC_PREPROCESSOR_DEFINITIONS = (
					"DEBUG=1",
					"$(inherited)",
				);
				GCC_SYMBOLS_PRIVATE_EXTERN = NO;
				GCC_WARN_64_TO_32_BIT_CONVERSION = YES;
				GCC_WARN_ABOUT_RETURN_TYPE = YES_ERROR;
				GCC_WARN_UNDECLARED_SELECTOR = YES;
				GCC_WARN_UNINITIALIZED_AUTOS = YES_AGGRESSIVE;
				GCC_WARN_UNUSED_FUNCTION = YES;
				GCC_WARN_UNUSED_VARIABLE = YES;
				MACOSX_DEPLOYMENT_TARGET = 10.10;
				MTL_ENABLE_DEBUG_INFO = YES;
				ONLY_ACTIVE_ARCH = YES;
				SDKROOT = macosx;
			};
			name = Debug;
		};
		45653A0B1B2F6F3400300FDB /* Release */ = {
			isa = XCBuildConfiguration;
			buildSettings = {
				ALWAYS_SEARCH_USER_PATHS = NO;
				CLANG_CXX_LANGUAGE_STANDARD = "gnu++0x";
				CLANG_CXX_LIBRARY = "libc++";
				CLANG_ENABLE_MODULES = YES;
				CLANG_ENABLE_OBJC_ARC = YES;
				CLANG_WARN_BOOL_CONVERSION = YES;
				CLANG_WARN_CONSTANT_CONVERSION = YES;
				CLANG_WARN_DIRECT_OBJC_ISA_USAGE = YES_ERROR;
				CLANG_WARN_EMPTY_BODY = YES;
				CLANG_WARN_ENUM_CONVERSION = YES;
				CLANG_WARN_INT_CONVERSION = YES;
				CLANG_WARN_OBJC_ROOT_CLASS = YES_ERROR;
				CLANG_WARN_UNREACHABLE_CODE = YES;
				CLANG_WARN__DUPLICATE_METHOD_MATCH = YES;
				COPY_PHASE_STRIP = NO;
				DEBUG_INFORMATION_FORMAT = "dwarf-with-dsym";
				ENABLE_NS_ASSERTIONS = NO;
				ENABLE_STRICT_OBJC_MSGSEND = YES;
				GCC_C_LANGUAGE_STANDARD = gnu99;
				GCC_NO_COMMON_BLOCKS = YES;
				GCC_WARN_64_TO_32_BIT_CONVERSION = YES;
				GCC_WARN_ABOUT_RETURN_TYPE = YES_ERROR;
				GCC_WARN_UNDECLARED_SELECTOR = YES;
				GCC_WARN_UNINITIALIZED_AUTOS = YES_AGGRESSIVE;
				GCC_WARN_UNUSED_FUNCTION = YES;
				GCC_WARN_UNUSED_VARIABLE = YES;
				MACOSX_DEPLOYMENT_TARGET = 10.10;
				MTL_ENABLE_DEBUG_INFO = NO;
				SDKROOT = macosx;
			};
			name = Release;
		};
		45653A0D1B2F6F3400300FDB /* Debug */ = {
			isa = XCBuildConfiguration;
			buildSettings = {
				EXECUTABLE_PREFIX = lib;
				PRODUCT_NAME = "$(TARGET_NAME)";
			};
			name = Debug;
		};
		45653A0E1B2F6F3400300FDB /* Release */ = {
			isa = XCBuildConfiguration;
			buildSettings = {
				EXECUTABLE_PREFIX = lib;
				PRODUCT_NAME = "$(TARGET_NAME)";
			};
			name = Release;
		};
/* End XCBuildConfiguration section */

/* Begin XCConfigurationList section */
		45653A031B2F6F3400300FDB /* Build configuration list for PBXProject "072_Edit_Distance" */ = {
			isa = XCConfigurationList;
			buildConfigurations = (
				45653A0A1B2F6F3400300FDB /* Debug */,
				45653A0B1B2F6F3400300FDB /* Release */,
			);
			defaultConfigurationIsVisible = 0;
			defaultConfigurationName = Release;
		};
		45653A0C1B2F6F3400300FDB /* Build configuration list for PBXNativeTarget "072_Edit_Distance" */ = {
			isa = XCConfigurationList;
			buildConfigurations = (
				45653A0D1B2F6F3400300FDB /* Debug */,
				45653A0E1B2F6F3400300FDB /* Release */,
			);
			defaultConfigurationIsVisible = 0;
		};
/* End XCConfigurationList section */
	};
	rootObject = 45653A001B2F6F3400300FDB /* Project object */;
}
